
Microsoft Visual Studio Solution File, Format Version 12.00
# Visual Studio Version 17
VisualStudioVersion = 17.9.34622.214
MinimumVisualStudioVersion = 10.0.40219.1
Project("{FAE04EC0-301F-11D3-BF4B-00C04F79EFBC}") = "CursoAtos.Api", "CursoAtos.Api\CursoAtos.Api.csproj", "{C1CA0D43-7194-490E-810C-C55C74D3FCCD}"
EndProject
Project("{FAE04EC0-301F-11D3-BF4B-00C04F79EFBC}") = "CursoAtos.Domain", "CursoAtos.Domain\CursoAtos.Domain.csproj", "{EA54022C-7DC8-4041-902D-ED50700D6C4B}"
EndProject
Project("{FAE04EC0-301F-11D3-BF4B-00C04F79EFBC}") = "CursoAtos.Repository", "CursoAtos.Repository\CursoAtos.Repository.csproj", "{EC2D8C8E-6306-4EE3-888C-293CE4BA8176}"
EndProject
Global
	GlobalSection(SolutionConfigurationPlatforms) = preSolution
		Debug|Any CPU = Debug|Any CPU
		Release|Any CPU = Release|Any CPU
	EndGlobalSection
	GlobalSection(ProjectConfigurationPlatforms) = postSolution
		{C1CA0D43-7194-490E-810C-C55C74D3FCCD}.Debug|Any CPU.ActiveCfg = Debug|Any CPU
		{C1CA0D43-7194-490E-810C-C55C74D3FCCD}.Debug|Any CPU.Build.0 = Debug|Any CPU
		{C1CA0D43-7194-490E-810C-C55C74D3FCCD}.Release|Any CPU.ActiveCfg = Release|Any CPU
		{C1CA0D43-7194-490E-810C-C55C74D3FCCD}.Release|Any CPU.Build.0 = Release|Any CPU
		{EA54022C-7DC8-4041-902D-ED50700D6C4B}.Debug|Any CPU.ActiveCfg = Debug|Any CPU
		{EA54022C-7DC8-4041-902D-ED50700D6C4B}.Debug|Any CPU.Build.0 = Debug|Any CPU
		{EA54022C-7DC8-4041-902D-ED50700D6C4B}.Release|Any CPU.ActiveCfg = Release|Any CPU
		{EA54022C-7DC8-4041-902D-ED50700D6C4B}.Release|Any CPU.Build.0 = Release|Any CPU
		{EC2D8C8E-6306-4EE3-888C-293CE4BA8176}.Debug|Any CPU.ActiveCfg = Debug|Any CPU
		{EC2D8C8E-6306-4EE3-888C-293CE4BA8176}.Debug|Any CPU.Build.0 = Debug|Any CPU
		{EC2D8C8E-6306-4EE3-888C-293CE4BA8176}.Release|Any CPU.ActiveCfg = Release|Any CPU
		{EC2D8C8E-6306-4EE3-888C-293CE4BA8176}.Release|Any CPU.Build.0 = Release|Any CPU
	EndGlobalSection
	GlobalSection(SolutionProperties) = preSolution
		HideSolutionNode = FALSE
	EndGlobalSection
	GlobalSection(ExtensibilityGlobals) = postSolution
		SolutionGuid = {FB4B80B5-3FEC-4DDE-8AD4-3EEBE17E7777}
	EndGlobalSection
EndGlobal
